
Microsoft Visual Studio Solution File, Format Version 12.00
# Visual Studio Version 17
VisualStudioVersion = 17.5.33516.290
MinimumVisualStudioVersion = 10.0.40219.1
Project("{FAE04EC0-301F-11D3-BF4B-00C04F79EFBC}") = "Finance.ASP", "Finance.ASP\Finance.ASP.csproj", "{B8F05DC5-DF0B-4A23-B127-834BCCB26421}"
EndProject
Global
	GlobalSection(SolutionConfigurationPlatforms) = preSolution
		Debug|Any CPU = Debug|Any CPU
		Release|Any CPU = Release|Any CPU
	EndGlobalSection
	GlobalSection(ProjectConfigurationPlatforms) = postSolution
		{B8F05DC5-DF0B-4A23-B127-834BCCB26421}.Debug|Any CPU.ActiveCfg = Debug|Any CPU
		{B8F05DC5-DF0B-4A23-B127-834BCCB26421}.Debug|Any CPU.Build.0 = Debug|Any CPU
		{B8F05DC5-DF0B-4A23-B127-834BCCB26421}.Release|Any CPU.ActiveCfg = Release|Any CPU
		{B8F05DC5-DF0B-4A23-B127-834BCCB26421}.Release|Any CPU.Build.0 = Release|Any CPU
	EndGlobalSection
	GlobalSection(SolutionProperties) = preSolution
		HideSolutionNode = FALSE
	EndGlobalSection
	GlobalSection(ExtensibilityGlobals) = postSolution
		SolutionGuid = {549F67D5-52B3-4A0B-B0B6-6E7D28D106DB}
	EndGlobalSection
EndGlobal
